// !$*UTF8*$!
{
	archiveVersion = 1;
	classes = {
	};
	objectVersion = 56;
	objects = {

/* Begin PBXBuildFile section */
		5669FE732AAF4A39002C0A0D /* AppDelegate.swift in Sources */ = {isa = PBXBuildFile; fileRef = 5669FE722AAF4A39002C0A0D /* AppDelegate.swift */; };
		5669FE752AAF4A39002C0A0D /* SceneDelegate.swift in Sources */ = {isa = PBXBuildFile; fileRef = 5669FE742AAF4A39002C0A0D /* SceneDelegate.swift */; };
		5669FE772AAF4A39002C0A0D /* ViewController.swift in Sources */ = {isa = PBXBuildFile; fileRef = 5669FE762AAF4A39002C0A0D /* ViewController.swift */; };
		5669FE7A2AAF4A39002C0A0D /* Main.storyboard in Resources */ = {isa = PBXBuildFile; fileRef = 5669FE782AAF4A39002C0A0D /* Main.storyboard */; };
		5669FE7C2AAF4A3A002C0A0D /* Assets.xcassets in Resources */ = {isa = PBXBuildFile; fileRef = 5669FE7B2AAF4A3A002C0A0D /* Assets.xcassets */; };
		5669FE7F2AAF4A3A002C0A0D /* LaunchScreen.storyboard in Resources */ = {isa = PBXBuildFile; fileRef = 5669FE7D2AAF4A3A002C0A0D /* LaunchScreen.storyboard */; };
		56ADEF352AF69426009FF72F /* UpDownManager.swift in Sources */ = {isa = PBXBuildFile; fileRef = 56ADEF342AF69426009FF72F /* UpDownManager.swift */; };
/* End PBXBuildFile section */

/* Begin PBXFileReference section */
		5669FE6F2AAF4A39002C0A0D /* UpDownGame.app */ = {isa = PBXFileReference; explicitFileType = wrapper.application; includeInIndex = 0; path = UpDownGame.app; sourceTree = BUILT_PRODUCTS_DIR; };
		5669FE722AAF4A39002C0A0D /* AppDelegate.swift */ = {isa = PBXFileReference; lastKnownFileType = sourcecode.swift; path = AppDelegate.swift; sourceTree = "<group>"; };
		5669FE742AAF4A39002C0A0D /* SceneDelegate.swift */ = {isa = PBXFileReference; lastKnownFileType = sourcecode.swift; path = SceneDelegate.swift; sourceTree = "<group>"; };
		5669FE762AAF4A39002C0A0D /* ViewController.swift */ = {isa = PBXFileReference; lastKnownFileType = sourcecode.swift; path = ViewController.swift; sourceTree = "<group>"; };
		5669FE792AAF4A39002C0A0D /* Base */ = {isa = PBXFileReference; lastKnownFileType = file.storyboard; name = Base; path = Base.lproj/Main.storyboard; sourceTree = "<group>"; };
		5669FE7B2AAF4A3A002C0A0D /* Assets.xcassets */ = {isa = PBXFileReference; lastKnownFileType = folder.assetcatalog; path = Assets.xcassets; sourceTree = "<group>"; };
		5669FE7E2AAF4A3A002C0A0D /* Base */ = {isa = PBXFileReference; lastKnownFileType = file.storyboard; name = Base; path = Base.lproj/LaunchScreen.storyboard; sourceTree = "<group>"; };
		5669FE802AAF4A3A002C0A0D /* Info.plist */ = {isa = PBXFileReference; lastKnownFileType = text.plist.xml; path = Info.plist; sourceTree = "<group>"; };
		56ADEF342AF69426009FF72F /* UpDownManager.swift */ = {isa = PBXFileReference; lastKnownFileType = sourcecode.swift; path = UpDownManager.swift; sourceTree = "<group>"; };
/* End PBXFileReference section */

/* Begin PBXFrameworksBuildPhase section */
		5669FE6C2AAF4A39002C0A0D /* Frameworks */ = {
			isa = PBXFrameworksBuildPhase;
			buildActionMask = 2147483647;
			files = (
			);
			runOnlyForDeploymentPostprocessing = 0;
		};
/* End PBXFrameworksBuildPhase section */

/* Begin PBXGroup section */
		5669FE662AAF4A39002C0A0D = {
			isa = PBXGroup;
			children = (
				5669FE712AAF4A39002C0A0D /* UpDownGame */,
				5669FE702AAF4A39002C0A0D /* Products */,
			);
			sourceTree = "<group>";
		};
		5669FE702AAF4A39002C0A0D /* Products */ = {
			isa = PBXGroup;
			children = (
				5669FE6F2AAF4A39002C0A0D /* UpDownGame.app */,
			);
			name = Products;
			sourceTree = "<group>";
		};
		5669FE712AAF4A39002C0A0D /* UpDownGame */ = {
			isa = PBXGroup;
			children = (
				5669FE722AAF4A39002C0A0D /* AppDelegate.swift */,
				5669FE742AAF4A39002C0A0D /* SceneDelegate.swift */,
				56ADEF332AF693FD009FF72F /* Models */,
				56ADEF322AF693F1009FF72F /* Views */,
				56ADEF312AF693E1009FF72F /* Controllers */,
				5669FE7B2AAF4A3A002C0A0D /* Assets.xcassets */,
				5669FE7D2AAF4A3A002C0A0D /* LaunchScreen.storyboard */,
				5669FE802AAF4A3A002C0A0D /* Info.plist */,
			);
			path = UpDownGame;
			sourceTree = "<group>";
		};
		56ADEF312AF693E1009FF72F /* Controllers */ = {
			isa = PBXGroup;
			children = (
				5669FE762AAF4A39002C0A0D /* ViewController.swift */,
			);
			path = Controllers;
			sourceTree = "<group>";
		};
		56ADEF322AF693F1009FF72F /* Views */ = {
			isa = PBXGroup;
			children = (
				5669FE782AAF4A39002C0A0D /* Main.storyboard */,
			);
			path = Views;
			sourceTree = "<group>";
		};
		56ADEF332AF693FD009FF72F /* Models */ = {
			isa = PBXGroup;
			children = (
				56ADEF342AF69426009FF72F /* UpDownManager.swift */,
			);
			path = Models;
			sourceTree = "<group>";
		};
/* End PBXGroup section */

/* Begin PBXNativeTarget section */
		5669FE6E2AAF4A39002C0A0D /* UpDownGame */ = {
			isa = PBXNativeTarget;
			buildConfigurationList = 5669FE832AAF4A3A002C0A0D /* Build configuration list for PBXNativeTarget "UpDownGame" */;
			buildPhases = (
				5669FE6B2AAF4A39002C0A0D /* Sources */,
				5669FE6C2AAF4A39002C0A0D /* Frameworks */,
				5669FE6D2AAF4A39002C0A0D /* Resources */,
			);
			buildRules = (
			);
			dependencies = (
			);
			name = UpDownGame;
			productName = UpDownGame;
			productReference = 5669FE6F2AAF4A39002C0A0D /* UpDownGame.app */;
			productType = "com.apple.product-type.application";
		};
/* End PBXNativeTarget section */

/* Begin PBXProject section */
		5669FE672AAF4A39002C0A0D /* Project object */ = {
			isa = PBXProject;
			attributes = {
				BuildIndependentTargetsInParallel = 1;
				LastSwiftUpdateCheck = 1500;
				LastUpgradeCheck = 1500;
				TargetAttributes = {
					5669FE6E2AAF4A39002C0A0D = {
						CreatedOnToolsVersion = 15.0;
					};
				};
			};
			buildConfigurationList = 5669FE6A2AAF4A39002C0A0D /* Build configuration list for PBXProject "UpDownGame" */;
			compatibilityVersion = "Xcode 14.0";
			developmentRegion = en;
			hasScannedForEncodings = 0;
			knownRegions = (
				en,
				Base,
			);
			mainGroup = 5669FE662AAF4A39002C0A0D;
			productRefGroup = 5669FE702AAF4A39002C0A0D /* Products */;
			projectDirPath = "";
			projectRoot = "";
			targets = (
				5669FE6E2AAF4A39002C0A0D /* UpDownGame */,
			);
		};
/* End PBXProject section */

/* Begin PBXResourcesBuildPhase section */
		5669FE6D2AAF4A39002C0A0D /* Resources */ = {
			isa = PBXResourcesBuildPhase;
			buildActionMask = 2147483647;
			files = (
				5669FE7F2AAF4A3A002C0A0D /* LaunchScreen.storyboard in Resources */,
				5669FE7C2AAF4A3A002C0A0D /* Assets.xcassets in Resources */,
				5669FE7A2AAF4A39002C0A0D /* Main.storyboard in Resources */,
			);
			runOnlyForDeploymentPostprocessing = 0;
		};
/* End PBXResourcesBuildPhase section */

/* Begin PBXSourcesBuildPhase section */
		5669FE6B2AAF4A39002C0A0D /* Sources */ = {
			isa = PBXSourcesBuildPhase;
			buildActionMask = 2147483647;
			files = (
				5669FE772AAF4A39002C0A0D /* ViewController.swift in Sources */,
				5669FE732AAF4A39002C0A0D /* AppDelegate.swift in Sources */,
				56ADEF352AF69426009FF72F /* UpDownManager.swift in Sources */,
				5669FE752AAF4A39002C0A0D /* SceneDelegate.swift in Sources */,
			);
			runOnlyForDeploymentPostprocessing = 0;
		};
/* End PBXSourcesBuildPhase section */

/* Begin PBXVariantGroup section */
		5669FE782AAF4A39002C0A0D /* Main.storyboard */ = {
			isa = PBXVariantGroup;
			children = (
				5669FE792AAF4A39002C0A0D /* Base */,
			);
			name = Main.storyboard;
			sourceTree = "<group>";
		};
		5669FE7D2AAF4A3A002C0A0D /* LaunchScreen.storyboard */ = {
			isa = PBXVariantGroup;
			children = (
				5669FE7E2AAF4A3A002C0A0D /* Base */,
			);
			name = LaunchScreen.storyboard;
			sourceTree = "<group>";
		};
/* End PBXVariantGroup section */

/* Begin XCBuildConfiguration section */
		5669FE812AAF4A3A002C0A0D /* Debug */ = {
			isa = XCBuildConfiguration;
			buildSettings = {
				ALWAYS_SEARCH_USER_PATHS = NO;
				ASSETCATALOG_COMPILER_GENERATE_SWIFT_ASSET_SYMBOL_EXTENSIONS = YES;
				CLANG_ANALYZER_NONNULL = YES;
				CLANG_ANALYZER_NUMBER_OBJECT_CONVERSION = YES_AGGRESSIVE;
				CLANG_CXX_LANGUAGE_STANDARD = "gnu++20";
				CLANG_ENABLE_MODULES = YES;
				CLANG_ENABLE_OBJC_ARC = YES;
				CLANG_ENABLE_OBJC_WEAK = YES;
				CLANG_WARN_BLOCK_CAPTURE_AUTORELEASING = YES;
				CLANG_WARN_BOOL_CONVERSION = YES;
				CLANG_WARN_COMMA = YES;
				CLANG_WARN_CONSTANT_CONVERSION = YES;
				CLANG_WARN_DEPRECATED_OBJC_IMPLEMENTATIONS = YES;
				CLANG_WARN_DIRECT_OBJC_ISA_USAGE = YES_ERROR;
				CLANG_WARN_DOCUMENTATION_COMMENTS = YES;
				CLANG_WARN_EMPTY_BODY = YES;
				CLANG_WARN_ENUM_CONVERSION = YES;
				CLANG_WARN_INFINITE_RECURSION = YES;
				CLANG_WARN_INT_CONVERSION = YES;
				CLANG_WARN_NON_LITERAL_NULL_CONVERSION = YES;
				CLANG_WARN_OBJC_IMPLICIT_RETAIN_SELF = YES;
				CLANG_WARN_OBJC_LITERAL_CONVERSION = YES;
				CLANG_WARN_OBJC_ROOT_CLASS = YES_ERROR;
				CLANG_WARN_QUOTED_INCLUDE_IN_FRAMEWORK_HEADER = YES;
				CLANG_WARN_RANGE_LOOP_ANALYSIS = YES;
				CLANG_WARN_STRICT_PROTOTYPES = YES;
				CLANG_WARN_SUSPICIOUS_MOVE = YES;
				CLANG_WARN_UNGUARDED_AVAILABILITY = YES_AGGRESSIVE;
				CLANG_WARN_UNREACHABLE_CODE = YES;
				CLANG_WARN__DUPLICATE_METHOD_MATCH = YES;
				COPY_PHASE_STRIP = NO;
				DEBUG_INFORMATION_FORMAT = dwarf;
				ENABLE_STRICT_OBJC_MSGSEND = YES;
				ENABLE_TESTABILITY = YES;
				ENABLE_USER_SCRIPT_SANDBOXING = YES;
				GCC_C_LANGUAGE_STANDARD = gnu17;
				GCC_DYNAMIC_NO_PIC = NO;
				GCC_NO_COMMON_BLOCKS = YES;
				GCC_OPTIMIZATION_LEVEL = 0;
				GCC_PREPROCESSOR_DEFINITIONS = (
					"DEBUG=1",
					"$(inherited)",
				);
				GCC_WARN_64_TO_32_BIT_CONVERSION = YES;
				GCC_WARN_ABOUT_RETURN_TYPE = YES_ERROR;
				GCC_WARN_UNDECLARED_SELECTOR = YES;
				GCC_WARN_UNINITIALIZED_AUTOS = YES_AGGRESSIVE;
				GCC_WARN_UNUSED_FUNCTION = YES;
				GCC_WARN_UNUSED_VARIABLE = YES;
				IPHONEOS_DEPLOYMENT_TARGET = 17.0;
				LOCALIZATION_PREFERS_STRING_CATALOGS = YES;
				MTL_ENABLE_DEBUG_INFO = INCLUDE_SOURCE;
				MTL_FAST_MATH = YES;
				ONLY_ACTIVE_ARCH = YES;
				SDKROOT = iphoneos;
				SWIFT_ACTIVE_COMPILATION_CONDITIONS = "DEBUG $(inherited)";
				SWIFT_OPTIMIZATION_LEVEL = "-Onone";
			};
			name = Debug;
		};
		5669FE822AAF4A3A002C0A0D /* Release */ = {
			isa = XCBuildConfiguration;
			buildSettings = {
				ALWAYS_SEARCH_USER_PATHS = NO;
				ASSETCATALOG_COMPILER_GENERATE_SWIFT_ASSET_SYMBOL_EXTENSIONS = YES;
				CLANG_ANALYZER_NONNULL = YES;
				CLANG_ANALYZER_NUMBER_OBJECT_CONVERSION = YES_AGGRESSIVE;
				CLANG_CXX_LANGUAGE_STANDARD = "gnu++20";
				CLANG_ENABLE_MODULES = YES;
				CLANG_ENABLE_OBJC_ARC = YES;
				CLANG_ENABLE_OBJC_WEAK = YES;
				CLANG_WARN_BLOCK_CAPTURE_AUTORELEASING = YES;
				CLANG_WARN_BOOL_CONVERSION = YES;
				CLANG_WARN_COMMA = YES;
				CLANG_WARN_CONSTANT_CONVERSION = YES;
				CLANG_WARN_DEPRECATED_OBJC_IMPLEMENTATIONS = YES;
				CLANG_WARN_DIRECT_OBJC_ISA_USAGE = YES_ERROR;
				CLANG_WARN_DOCUMENTATION_COMMENTS = YES;
				CLANG_WARN_EMPTY_BODY = YES;
				CLANG_WARN_ENUM_CONVERSION = YES;
				CLANG_WARN_INFINITE_RECURSION = YES;
				CLANG_WARN_INT_CONVERSION = YES;
				CLANG_WARN_NON_LITERAL_NULL_CONVERSION = YES;
				CLANG_WARN_OBJC_IMPLICIT_RETAIN_SELF = YES;
				CLANG_WARN_OBJC_LITERAL_CONVERSION = YES;
				CLANG_WARN_OBJC_ROOT_CLASS = YES_ERROR;
				CLANG_WARN_QUOTED_INCLUDE_IN_FRAMEWORK_HEADER = YES;
				CLANG_WARN_RANGE_LOOP_ANALYSIS = YES;
				CLANG_WARN_STRICT_PROTOTYPES = YES;
				CLANG_WARN_SUSPICIOUS_MOVE = YES;
				CLANG_WARN_UNGUARDED_AVAILABILITY = YES_AGGRESSIVE;
				CLANG_WARN_UNREACHABLE_CODE = YES;
				CLANG_WARN__DUPLICATE_METHOD_MATCH = YES;
				COPY_PHASE_STRIP = NO;
				DEBUG_INFORMATION_FORMAT = "dwarf-with-dsym";
				ENABLE_NS_ASSERTIONS = NO;
				ENABLE_STRICT_OBJC_MSGSEND = YES;
				ENABLE_USER_SCRIPT_SANDBOXING = YES;
				GCC_C_LANGUAGE_STANDARD = gnu17;
				GCC_NO_COMMON_BLOCKS = YES;
				GCC_WARN_64_TO_32_BIT_CONVERSION = YES;
				GCC_WARN_ABOUT_RETURN_TYPE = YES_ERROR;
				GCC_WARN_UNDECLARED_SELECTOR = YES;
				GCC_WARN_UNINITIALIZED_AUTOS = YES_AGGRESSIVE;
				GCC_WARN_UNUSED_FUNCTION = YES;
				GCC_WARN_UNUSED_VARIABLE = YES;
				IPHONEOS_DEPLOYMENT_TARGET = 17.0;
				LOCALIZATION_PREFERS_STRING_CATALOGS = YES;
				MTL_ENABLE_DEBUG_INFO = NO;
				MTL_FAST_MATH = YES;
				SDKROOT = iphoneos;
				SWIFT_COMPILATION_MODE = wholemodule;
				VALIDATE_PRODUCT = YES;
			};
			name = Release;
		};
		5669FE842AAF4A3A002C0A0D /* Debug */ = {
			isa = XCBuildConfiguration;
			buildSettings = {
				ASSETCATALOG_COMPILER_APPICON_NAME = AppIcon;
				ASSETCATALOG_COMPILER_GLOBAL_ACCENT_COLOR_NAME = AccentColor;
				CODE_SIGN_STYLE = Automatic;
				CURRENT_PROJECT_VERSION = 1;
				DEVELOPMENT_TEAM = T92HCF248U;
				GENERATE_INFOPLIST_FILE = YES;
				INFOPLIST_FILE = UpDownGame/Info.plist;
				INFOPLIST_KEY_UIApplicationSupportsIndirectInputEvents = YES;
				INFOPLIST_KEY_UILaunchStoryboardName = LaunchScreen;
				INFOPLIST_KEY_UIMainStoryboardFile = Main;
				INFOPLIST_KEY_UISupportedInterfaceOrientations = UIInterfaceOrientationPortrait;
				INFOPLIST_KEY_UISupportedInterfaceOrientations_iPad = "UIInterfaceOrientationLandscapeLeft UIInterfaceOrientationLandscapeRight UIInterfaceOrientationPortrait UIInterfaceOrientationPortraitUpsideDown";
				IPHONEOS_DEPLOYMENT_TARGET = 13.0;
				LD_RUNPATH_SEARCH_PATHS = (
					"$(inherited)",
					"@executable_path/Frameworks",
				);
				MARKETING_VERSION = 1.0;
				PRODUCT_BUNDLE_IDENTIFIER = com.seungmin.UpDownGame;
				PRODUCT_NAME = "$(TARGET_NAME)";
				SUPPORTED_PLATFORMS = "iphoneos iphonesimulator";
				SUPPORTS_MACCATALYST = NO;
				SUPPORTS_MAC_DESIGNED_FOR_IPHONE_IPAD = NO;
				SUPPORTS_XR_DESIGNED_FOR_IPHONE_IPAD = NO;
				SWIFT_EMIT_LOC_STRINGS = YES;
				SWIFT_VERSION = 5.0;
				TARGETED_DEVICE_FAMILY = 1;
			};
			name = Debug;
		};
		5669FE852AAF4A3A002C0A0D /* Release */ = {
			isa = XCBuildConfiguration;
			buildSettings = {
				ASSETCATALOG_COMPILER_APPICON_NAME = AppIcon;
				ASSETCATALOG_COMPILER_GLOBAL_ACCENT_COLOR_NAME = AccentColor;
				CODE_SIGN_STYLE = Automatic;
				CURRENT_PROJECT_VERSION = 1;
				DEVELOPMENT_TEAM = T92HCF248U;
				GENERATE_INFOPLIST_FILE = YES;
				INFOPLIST_FILE = UpDownGame/Info.plist;
				INFOPLIST_KEY_UIApplicationSupportsIndirectInputEvents = YES;
				INFOPLIST_KEY_UILaunchStoryboardName = LaunchScreen;
				INFOPLIST_KEY_UIMainStoryboardFile = Main;
				INFOPLIST_KEY_UISupportedInterfaceOrientations = UIInterfaceOrientationPortrait;
				INFOPLIST_KEY_UISupportedInterfaceOrientations_iPad = "UIInterfaceOrientationLandscapeLeft UIInterfaceOrientationLandscapeRight UIInterfaceOrientationPortrait UIInterfaceOrientationPortraitUpsideDown";
				IPHONEOS_DEPLOYMENT_TARGET = 13.0;
				LD_RUNPATH_SEARCH_PATHS = (
					"$(inherited)",
					"@executable_path/Frameworks",
				);
				MARKETING_VERSION = 1.0;
				PRODUCT_BUNDLE_IDENTIFIER = com.seungmin.UpDownGame;
				PRODUCT_NAME = "$(TARGET_NAME)";
				SUPPORTED_PLATFORMS = "iphoneos iphonesimulator";
				SUPPORTS_MACCATALYST = NO;
				SUPPORTS_MAC_DESIGNED_FOR_IPHONE_IPAD = NO;
				SUPPORTS_XR_DESIGNED_FOR_IPHONE_IPAD = NO;
				SWIFT_EMIT_LOC_STRINGS = YES;
				SWIFT_VERSION = 5.0;
				TARGETED_DEVICE_FAMILY = 1;
			};
			name = Release;
		};
/* End XCBuildConfiguration section */

/* Begin XCConfigurationList section */
		5669FE6A2AAF4A39002C0A0D /* Build configuration list for PBXProject "UpDownGame" */ = {
			isa = XCConfigurationList;
			buildConfigurations = (
				5669FE812AAF4A3A002C0A0D /* Debug */,
				5669FE822AAF4A3A002C0A0D /* Release */,
			);
			defaultConfigurationIsVisible = 0;
			defaultConfigurationName = Release;
		};
		5669FE832AAF4A3A002C0A0D /* Build configuration list for PBXNativeTarget "UpDownGame" */ = {
			isa = XCConfigurationList;
			buildConfigurations = (
				5669FE842AAF4A3A002C0A0D /* Debug */,
				5669FE852AAF4A3A002C0A0D /* Release */,
			);
			defaultConfigurationIsVisible = 0;
			defaultConfigurationName = Release;
		};
/* End XCConfigurationList section */
	};
	rootObject = 5669FE672AAF4A39002C0A0D /* Project object */;
}
