// !$*UTF8*$!
{
	archiveVersion = 1;
	classes = {
	};
	objectVersion = 56;
	objects = {

/* Begin PBXBuildFile section */
		565D45142B10FD56000EA093 /* AppDelegate.swift in Sources */ = {isa = PBXBuildFile; fileRef = 565D45132B10FD56000EA093 /* AppDelegate.swift */; };
		565D45162B10FD56000EA093 /* SceneDelegate.swift in Sources */ = {isa = PBXBuildFile; fileRef = 565D45152B10FD56000EA093 /* SceneDelegate.swift */; };
		565D45182B10FD56000EA093 /* ViewController.swift in Sources */ = {isa = PBXBuildFile; fileRef = 565D45172B10FD56000EA093 /* ViewController.swift */; };
		565D451B2B10FD56000EA093 /* Main.storyboard in Resources */ = {isa = PBXBuildFile; fileRef = 565D45192B10FD56000EA093 /* Main.storyboard */; };
		565D451D2B10FD57000EA093 /* Assets.xcassets in Resources */ = {isa = PBXBuildFile; fileRef = 565D451C2B10FD57000EA093 /* Assets.xcassets */; };
		565D45202B10FD57000EA093 /* LaunchScreen.storyboard in Resources */ = {isa = PBXBuildFile; fileRef = 565D451E2B10FD57000EA093 /* LaunchScreen.storyboard */; };
		565D452B2B11046D000EA093 /* Product.swift in Sources */ = {isa = PBXBuildFile; fileRef = 565D452A2B11046D000EA093 /* Product.swift */; };
		565D452D2B1104B0000EA093 /* DataManager.swift in Sources */ = {isa = PBXBuildFile; fileRef = 565D452C2B1104B0000EA093 /* DataManager.swift */; };
		565D452F2B110868000EA093 /* MyTableViewCell.swift in Sources */ = {isa = PBXBuildFile; fileRef = 565D452E2B110868000EA093 /* MyTableViewCell.swift */; };
		565D45312B1109AA000EA093 /* DetailView.swift in Sources */ = {isa = PBXBuildFile; fileRef = 565D45302B1109AA000EA093 /* DetailView.swift */; };
		565D45332B110BB6000EA093 /* DetailViewController.swift in Sources */ = {isa = PBXBuildFile; fileRef = 565D45322B110BB6000EA093 /* DetailViewController.swift */; };
/* End PBXBuildFile section */

/* Begin PBXFileReference section */
		565D45102B10FD56000EA093 /* TableViewCodebase.app */ = {isa = PBXFileReference; explicitFileType = wrapper.application; includeInIndex = 0; path = TableViewCodebase.app; sourceTree = BUILT_PRODUCTS_DIR; };
		565D45132B10FD56000EA093 /* AppDelegate.swift */ = {isa = PBXFileReference; lastKnownFileType = sourcecode.swift; path = AppDelegate.swift; sourceTree = "<group>"; };
		565D45152B10FD56000EA093 /* SceneDelegate.swift */ = {isa = PBXFileReference; lastKnownFileType = sourcecode.swift; path = SceneDelegate.swift; sourceTree = "<group>"; };
		565D45172B10FD56000EA093 /* ViewController.swift */ = {isa = PBXFileReference; lastKnownFileType = sourcecode.swift; path = ViewController.swift; sourceTree = "<group>"; };
		565D451A2B10FD56000EA093 /* Base */ = {isa = PBXFileReference; lastKnownFileType = file.storyboard; name = Base; path = Base.lproj/Main.storyboard; sourceTree = "<group>"; };
		565D451C2B10FD57000EA093 /* Assets.xcassets */ = {isa = PBXFileReference; lastKnownFileType = folder.assetcatalog; path = Assets.xcassets; sourceTree = "<group>"; };
		565D451F2B10FD57000EA093 /* Base */ = {isa = PBXFileReference; lastKnownFileType = file.storyboard; name = Base; path = Base.lproj/LaunchScreen.storyboard; sourceTree = "<group>"; };
		565D45212B10FD57000EA093 /* Info.plist */ = {isa = PBXFileReference; lastKnownFileType = text.plist.xml; path = Info.plist; sourceTree = "<group>"; };
		565D452A2B11046D000EA093 /* Product.swift */ = {isa = PBXFileReference; lastKnownFileType = sourcecode.swift; path = Product.swift; sourceTree = "<group>"; };
		565D452C2B1104B0000EA093 /* DataManager.swift */ = {isa = PBXFileReference; lastKnownFileType = sourcecode.swift; path = DataManager.swift; sourceTree = "<group>"; };
		565D452E2B110868000EA093 /* MyTableViewCell.swift */ = {isa = PBXFileReference; lastKnownFileType = sourcecode.swift; path = MyTableViewCell.swift; sourceTree = "<group>"; };
		565D45302B1109AA000EA093 /* DetailView.swift */ = {isa = PBXFileReference; lastKnownFileType = sourcecode.swift; path = DetailView.swift; sourceTree = "<group>"; };
		565D45322B110BB6000EA093 /* DetailViewController.swift */ = {isa = PBXFileReference; lastKnownFileType = sourcecode.swift; path = DetailViewController.swift; sourceTree = "<group>"; };
/* End PBXFileReference section */

/* Begin PBXFrameworksBuildPhase section */
		565D450D2B10FD56000EA093 /* Frameworks */ = {
			isa = PBXFrameworksBuildPhase;
			buildActionMask = 2147483647;
			files = (
			);
			runOnlyForDeploymentPostprocessing = 0;
		};
/* End PBXFrameworksBuildPhase section */

/* Begin PBXGroup section */
		565D45072B10FD56000EA093 = {
			isa = PBXGroup;
			children = (
				565D45122B10FD56000EA093 /* TableViewCodebase */,
				565D45112B10FD56000EA093 /* Products */,
			);
			sourceTree = "<group>";
		};
		565D45112B10FD56000EA093 /* Products */ = {
			isa = PBXGroup;
			children = (
				565D45102B10FD56000EA093 /* TableViewCodebase.app */,
			);
			name = Products;
			sourceTree = "<group>";
		};
		565D45122B10FD56000EA093 /* TableViewCodebase */ = {
			isa = PBXGroup;
			children = (
				565D45132B10FD56000EA093 /* AppDelegate.swift */,
				565D45152B10FD56000EA093 /* SceneDelegate.swift */,
				565D45292B1103FD000EA093 /* Models */,
				565D45282B1103F7000EA093 /* Views */,
				565D45272B1103EE000EA093 /* Controllers */,
				565D45192B10FD56000EA093 /* Main.storyboard */,
				565D451C2B10FD57000EA093 /* Assets.xcassets */,
				565D451E2B10FD57000EA093 /* LaunchScreen.storyboard */,
				565D45212B10FD57000EA093 /* Info.plist */,
			);
			path = TableViewCodebase;
			sourceTree = "<group>";
		};
		565D45272B1103EE000EA093 /* Controllers */ = {
			isa = PBXGroup;
			children = (
				565D45172B10FD56000EA093 /* ViewController.swift */,
				565D45322B110BB6000EA093 /* DetailViewController.swift */,
			);
			path = Controllers;
			sourceTree = "<group>";
		};
		565D45282B1103F7000EA093 /* Views */ = {
			isa = PBXGroup;
			children = (
				565D452E2B110868000EA093 /* MyTableViewCell.swift */,
				565D45302B1109AA000EA093 /* DetailView.swift */,
			);
			path = Views;
			sourceTree = "<group>";
		};
		565D45292B1103FD000EA093 /* Models */ = {
			isa = PBXGroup;
			children = (
				565D452A2B11046D000EA093 /* Product.swift */,
				565D452C2B1104B0000EA093 /* DataManager.swift */,
			);
			path = Models;
			sourceTree = "<group>";
		};
/* End PBXGroup section */

/* Begin PBXNativeTarget section */
		565D450F2B10FD56000EA093 /* TableViewCodebase */ = {
			isa = PBXNativeTarget;
			buildConfigurationList = 565D45242B10FD57000EA093 /* Build configuration list for PBXNativeTarget "TableViewCodebase" */;
			buildPhases = (
				565D450C2B10FD56000EA093 /* Sources */,
				565D450D2B10FD56000EA093 /* Frameworks */,
				565D450E2B10FD56000EA093 /* Resources */,
			);
			buildRules = (
			);
			dependencies = (
			);
			name = TableViewCodebase;
			productName = TableViewCodebase;
			productReference = 565D45102B10FD56000EA093 /* TableViewCodebase.app */;
			productType = "com.apple.product-type.application";
		};
/* End PBXNativeTarget section */

/* Begin PBXProject section */
		565D45082B10FD56000EA093 /* Project object */ = {
			isa = PBXProject;
			attributes = {
				BuildIndependentTargetsInParallel = 1;
				LastSwiftUpdateCheck = 1500;
				LastUpgradeCheck = 1500;
				TargetAttributes = {
					565D450F2B10FD56000EA093 = {
						CreatedOnToolsVersion = 15.0.1;
					};
				};
			};
			buildConfigurationList = 565D450B2B10FD56000EA093 /* Build configuration list for PBXProject "TableViewCodebase" */;
			compatibilityVersion = "Xcode 14.0";
			developmentRegion = en;
			hasScannedForEncodings = 0;
			knownRegions = (
				en,
				Base,
			);
			mainGroup = 565D45072B10FD56000EA093;
			productRefGroup = 565D45112B10FD56000EA093 /* Products */;
			projectDirPath = "";
			projectRoot = "";
			targets = (
				565D450F2B10FD56000EA093 /* TableViewCodebase */,
			);
		};
/* End PBXProject section */

/* Begin PBXResourcesBuildPhase section */
		565D450E2B10FD56000EA093 /* Resources */ = {
			isa = PBXResourcesBuildPhase;
			buildActionMask = 2147483647;
			files = (
				565D45202B10FD57000EA093 /* LaunchScreen.storyboard in Resources */,
				565D451D2B10FD57000EA093 /* Assets.xcassets in Resources */,
				565D451B2B10FD56000EA093 /* Main.storyboard in Resources */,
			);
			runOnlyForDeploymentPostprocessing = 0;
		};
/* End PBXResourcesBuildPhase section */

/* Begin PBXSourcesBuildPhase section */
		565D450C2B10FD56000EA093 /* Sources */ = {
			isa = PBXSourcesBuildPhase;
			buildActionMask = 2147483647;
			files = (
				565D45182B10FD56000EA093 /* ViewController.swift in Sources */,
				565D452D2B1104B0000EA093 /* DataManager.swift in Sources */,
				565D452B2B11046D000EA093 /* Product.swift in Sources */,
				565D45312B1109AA000EA093 /* DetailView.swift in Sources */,
				565D45142B10FD56000EA093 /* AppDelegate.swift in Sources */,
				565D45162B10FD56000EA093 /* SceneDelegate.swift in Sources */,
				565D452F2B110868000EA093 /* MyTableViewCell.swift in Sources */,
				565D45332B110BB6000EA093 /* DetailViewController.swift in Sources */,
			);
			runOnlyForDeploymentPostprocessing = 0;
		};
/* End PBXSourcesBuildPhase section */

/* Begin PBXVariantGroup section */
		565D45192B10FD56000EA093 /* Main.storyboard */ = {
			isa = PBXVariantGroup;
			children = (
				565D451A2B10FD56000EA093 /* Base */,
			);
			name = Main.storyboard;
			sourceTree = "<group>";
		};
		565D451E2B10FD57000EA093 /* LaunchScreen.storyboard */ = {
			isa = PBXVariantGroup;
			children = (
				565D451F2B10FD57000EA093 /* Base */,
			);
			name = LaunchScreen.storyboard;
			sourceTree = "<group>";
		};
/* End PBXVariantGroup section */

/* Begin XCBuildConfiguration section */
		565D45222B10FD57000EA093 /* Debug */ = {
			isa = XCBuildConfiguration;
			buildSettings = {
				ALWAYS_SEARCH_USER_PATHS = NO;
				ASSETCATALOG_COMPILER_GENERATE_SWIFT_ASSET_SYMBOL_EXTENSIONS = YES;
				CLANG_ANALYZER_NONNULL = YES;
				CLANG_ANALYZER_NUMBER_OBJECT_CONVERSION = YES_AGGRESSIVE;
				CLANG_CXX_LANGUAGE_STANDARD = "gnu++20";
				CLANG_ENABLE_MODULES = YES;
				CLANG_ENABLE_OBJC_ARC = YES;
				CLANG_ENABLE_OBJC_WEAK = YES;
				CLANG_WARN_BLOCK_CAPTURE_AUTORELEASING = YES;
				CLANG_WARN_BOOL_CONVERSION = YES;
				CLANG_WARN_COMMA = YES;
				CLANG_WARN_CONSTANT_CONVERSION = YES;
				CLANG_WARN_DEPRECATED_OBJC_IMPLEMENTATIONS = YES;
				CLANG_WARN_DIRECT_OBJC_ISA_USAGE = YES_ERROR;
				CLANG_WARN_DOCUMENTATION_COMMENTS = YES;
				CLANG_WARN_EMPTY_BODY = YES;
				CLANG_WARN_ENUM_CONVERSION = YES;
				CLANG_WARN_INFINITE_RECURSION = YES;
				CLANG_WARN_INT_CONVERSION = YES;
				CLANG_WARN_NON_LITERAL_NULL_CONVERSION = YES;
				CLANG_WARN_OBJC_IMPLICIT_RETAIN_SELF = YES;
				CLANG_WARN_OBJC_LITERAL_CONVERSION = YES;
				CLANG_WARN_OBJC_ROOT_CLASS = YES_ERROR;
				CLANG_WARN_QUOTED_INCLUDE_IN_FRAMEWORK_HEADER = YES;
				CLANG_WARN_RANGE_LOOP_ANALYSIS = YES;
				CLANG_WARN_STRICT_PROTOTYPES = YES;
				CLANG_WARN_SUSPICIOUS_MOVE = YES;
				CLANG_WARN_UNGUARDED_AVAILABILITY = YES_AGGRESSIVE;
				CLANG_WARN_UNREACHABLE_CODE = YES;
				CLANG_WARN__DUPLICATE_METHOD_MATCH = YES;
				COPY_PHASE_STRIP = NO;
				DEBUG_INFORMATION_FORMAT = dwarf;
				ENABLE_STRICT_OBJC_MSGSEND = YES;
				ENABLE_TESTABILITY = YES;
				ENABLE_USER_SCRIPT_SANDBOXING = YES;
				GCC_C_LANGUAGE_STANDARD = gnu17;
				GCC_DYNAMIC_NO_PIC = NO;
				GCC_NO_COMMON_BLOCKS = YES;
				GCC_OPTIMIZATION_LEVEL = 0;
				GCC_PREPROCESSOR_DEFINITIONS = (
					"DEBUG=1",
					"$(inherited)",
				);
				GCC_WARN_64_TO_32_BIT_CONVERSION = YES;
				GCC_WARN_ABOUT_RETURN_TYPE = YES_ERROR;
				GCC_WARN_UNDECLARED_SELECTOR = YES;
				GCC_WARN_UNINITIALIZED_AUTOS = YES_AGGRESSIVE;
				GCC_WARN_UNUSED_FUNCTION = YES;
				GCC_WARN_UNUSED_VARIABLE = YES;
				IPHONEOS_DEPLOYMENT_TARGET = 17.0;
				LOCALIZATION_PREFERS_STRING_CATALOGS = YES;
				MTL_ENABLE_DEBUG_INFO = INCLUDE_SOURCE;
				MTL_FAST_MATH = YES;
				ONLY_ACTIVE_ARCH = YES;
				SDKROOT = iphoneos;
				SWIFT_ACTIVE_COMPILATION_CONDITIONS = "DEBUG $(inherited)";
				SWIFT_OPTIMIZATION_LEVEL = "-Onone";
			};
			name = Debug;
		};
		565D45232B10FD57000EA093 /* Release */ = {
			isa = XCBuildConfiguration;
			buildSettings = {
				ALWAYS_SEARCH_USER_PATHS = NO;
				ASSETCATALOG_COMPILER_GENERATE_SWIFT_ASSET_SYMBOL_EXTENSIONS = YES;
				CLANG_ANALYZER_NONNULL = YES;
				CLANG_ANALYZER_NUMBER_OBJECT_CONVERSION = YES_AGGRESSIVE;
				CLANG_CXX_LANGUAGE_STANDARD = "gnu++20";
				CLANG_ENABLE_MODULES = YES;
				CLANG_ENABLE_OBJC_ARC = YES;
				CLANG_ENABLE_OBJC_WEAK = YES;
				CLANG_WARN_BLOCK_CAPTURE_AUTORELEASING = YES;
				CLANG_WARN_BOOL_CONVERSION = YES;
				CLANG_WARN_COMMA = YES;
				CLANG_WARN_CONSTANT_CONVERSION = YES;
				CLANG_WARN_DEPRECATED_OBJC_IMPLEMENTATIONS = YES;
				CLANG_WARN_DIRECT_OBJC_ISA_USAGE = YES_ERROR;
				CLANG_WARN_DOCUMENTATION_COMMENTS = YES;
				CLANG_WARN_EMPTY_BODY = YES;
				CLANG_WARN_ENUM_CONVERSION = YES;
				CLANG_WARN_INFINITE_RECURSION = YES;
				CLANG_WARN_INT_CONVERSION = YES;
				CLANG_WARN_NON_LITERAL_NULL_CONVERSION = YES;
				CLANG_WARN_OBJC_IMPLICIT_RETAIN_SELF = YES;
				CLANG_WARN_OBJC_LITERAL_CONVERSION = YES;
				CLANG_WARN_OBJC_ROOT_CLASS = YES_ERROR;
				CLANG_WARN_QUOTED_INCLUDE_IN_FRAMEWORK_HEADER = YES;
				CLANG_WARN_RANGE_LOOP_ANALYSIS = YES;
				CLANG_WARN_STRICT_PROTOTYPES = YES;
				CLANG_WARN_SUSPICIOUS_MOVE = YES;
				CLANG_WARN_UNGUARDED_AVAILABILITY = YES_AGGRESSIVE;
				CLANG_WARN_UNREACHABLE_CODE = YES;
				CLANG_WARN__DUPLICATE_METHOD_MATCH = YES;
				COPY_PHASE_STRIP = NO;
				DEBUG_INFORMATION_FORMAT = "dwarf-with-dsym";
				ENABLE_NS_ASSERTIONS = NO;
				ENABLE_STRICT_OBJC_MSGSEND = YES;
				ENABLE_USER_SCRIPT_SANDBOXING = YES;
				GCC_C_LANGUAGE_STANDARD = gnu17;
				GCC_NO_COMMON_BLOCKS = YES;
				GCC_WARN_64_TO_32_BIT_CONVERSION = YES;
				GCC_WARN_ABOUT_RETURN_TYPE = YES_ERROR;
				GCC_WARN_UNDECLARED_SELECTOR = YES;
				GCC_WARN_UNINITIALIZED_AUTOS = YES_AGGRESSIVE;
				GCC_WARN_UNUSED_FUNCTION = YES;
				GCC_WARN_UNUSED_VARIABLE = YES;
				IPHONEOS_DEPLOYMENT_TARGET = 17.0;
				LOCALIZATION_PREFERS_STRING_CATALOGS = YES;
				MTL_ENABLE_DEBUG_INFO = NO;
				MTL_FAST_MATH = YES;
				SDKROOT = iphoneos;
				SWIFT_COMPILATION_MODE = wholemodule;
				VALIDATE_PRODUCT = YES;
			};
			name = Release;
		};
		565D45252B10FD57000EA093 /* Debug */ = {
			isa = XCBuildConfiguration;
			buildSettings = {
				ASSETCATALOG_COMPILER_APPICON_NAME = AppIcon;
				ASSETCATALOG_COMPILER_GLOBAL_ACCENT_COLOR_NAME = AccentColor;
				CODE_SIGN_STYLE = Automatic;
				CURRENT_PROJECT_VERSION = 1;
				GENERATE_INFOPLIST_FILE = YES;
				INFOPLIST_FILE = TableViewCodebase/Info.plist;
				INFOPLIST_KEY_UIApplicationSupportsIndirectInputEvents = YES;
				INFOPLIST_KEY_UILaunchStoryboardName = LaunchScreen;
				INFOPLIST_KEY_UIMainStoryboardFile = Main;
				INFOPLIST_KEY_UISupportedInterfaceOrientations_iPad = "UIInterfaceOrientationPortrait UIInterfaceOrientationPortraitUpsideDown UIInterfaceOrientationLandscapeLeft UIInterfaceOrientationLandscapeRight";
				INFOPLIST_KEY_UISupportedInterfaceOrientations_iPhone = "UIInterfaceOrientationPortrait UIInterfaceOrientationLandscapeLeft UIInterfaceOrientationLandscapeRight";
				IPHONEOS_DEPLOYMENT_TARGET = 13.0;
				LD_RUNPATH_SEARCH_PATHS = (
					"$(inherited)",
					"@executable_path/Frameworks",
				);
				MARKETING_VERSION = 1.0;
				PRODUCT_BUNDLE_IDENTIFIER = com.moichi.TableViewCodebase;
				PRODUCT_NAME = "$(TARGET_NAME)";
				SUPPORTED_PLATFORMS = "iphoneos iphonesimulator";
				SUPPORTS_MACCATALYST = NO;
				SUPPORTS_MAC_DESIGNED_FOR_IPHONE_IPAD = NO;
				SWIFT_EMIT_LOC_STRINGS = YES;
				SWIFT_VERSION = 5.0;
				TARGETED_DEVICE_FAMILY = 1;
			};
			name = Debug;
		};
		565D45262B10FD57000EA093 /* Release */ = {
			isa = XCBuildConfiguration;
			buildSettings = {
				ASSETCATALOG_COMPILER_APPICON_NAME = AppIcon;
				ASSETCATALOG_COMPILER_GLOBAL_ACCENT_COLOR_NAME = AccentColor;
				CODE_SIGN_STYLE = Automatic;
				CURRENT_PROJECT_VERSION = 1;
				GENERATE_INFOPLIST_FILE = YES;
				INFOPLIST_FILE = TableViewCodebase/Info.plist;
				INFOPLIST_KEY_UIApplicationSupportsIndirectInputEvents = YES;
				INFOPLIST_KEY_UILaunchStoryboardName = LaunchScreen;
				INFOPLIST_KEY_UIMainStoryboardFile = Main;
				INFOPLIST_KEY_UISupportedInterfaceOrientations_iPad = "UIInterfaceOrientationPortrait UIInterfaceOrientationPortraitUpsideDown UIInterfaceOrientationLandscapeLeft UIInterfaceOrientationLandscapeRight";
				INFOPLIST_KEY_UISupportedInterfaceOrientations_iPhone = "UIInterfaceOrientationPortrait UIInterfaceOrientationLandscapeLeft UIInterfaceOrientationLandscapeRight";
				IPHONEOS_DEPLOYMENT_TARGET = 13.0;
				LD_RUNPATH_SEARCH_PATHS = (
					"$(inherited)",
					"@executable_path/Frameworks",
				);
				MARKETING_VERSION = 1.0;
				PRODUCT_BUNDLE_IDENTIFIER = com.moichi.TableViewCodebase;
				PRODUCT_NAME = "$(TARGET_NAME)";
				SUPPORTED_PLATFORMS = "iphoneos iphonesimulator";
				SUPPORTS_MACCATALYST = NO;
				SUPPORTS_MAC_DESIGNED_FOR_IPHONE_IPAD = NO;
				SWIFT_EMIT_LOC_STRINGS = YES;
				SWIFT_VERSION = 5.0;
				TARGETED_DEVICE_FAMILY = 1;
			};
			name = Release;
		};
/* End XCBuildConfiguration section */

/* Begin XCConfigurationList section */
		565D450B2B10FD56000EA093 /* Build configuration list for PBXProject "TableViewCodebase" */ = {
			isa = XCConfigurationList;
			buildConfigurations = (
				565D45222B10FD57000EA093 /* Debug */,
				565D45232B10FD57000EA093 /* Release */,
			);
			defaultConfigurationIsVisible = 0;
			defaultConfigurationName = Release;
		};
		565D45242B10FD57000EA093 /* Build configuration list for PBXNativeTarget "TableViewCodebase" */ = {
			isa = XCConfigurationList;
			buildConfigurations = (
				565D45252B10FD57000EA093 /* Debug */,
				565D45262B10FD57000EA093 /* Release */,
			);
			defaultConfigurationIsVisible = 0;
			defaultConfigurationName = Release;
		};
/* End XCConfigurationList section */
	};
	rootObject = 565D45082B10FD56000EA093 /* Project object */;
}
